
Microsoft Visual Studio Solution File, Format Version 12.00
# Visual Studio 2012
Project("{8BC9CEB8-8B4A-11D0-8D11-00A0C91BC942}") = "项目俄罗斯方块", "项目俄罗斯方块.vcxproj", "{9714948F-3AAA-482D-8E1A-9B15249C2611}"
EndProject
Global
	GlobalSection(SolutionConfigurationPlatforms) = preSolution
		Debug|Win32 = Debug|Win32
		Release|Win32 = Release|Win32
	EndGlobalSection
	GlobalSection(ProjectConfigurationPlatforms) = postSolution
		{9714948F-3AAA-482D-8E1A-9B15249C2611}.Debug|Win32.ActiveCfg = Debug|Win32
		{9714948F-3AAA-482D-8E1A-9B15249C2611}.Debug|Win32.Build.0 = Debug|Win32
		{9714948F-3AAA-482D-8E1A-9B15249C2611}.Release|Win32.ActiveCfg = Release|Win32
		{9714948F-3AAA-482D-8E1A-9B15249C2611}.Release|Win32.Build.0 = Release|Win32
	EndGlobalSection
	GlobalSection(SolutionProperties) = preSolution
		HideSolutionNode = FALSE
	EndGlobalSection
EndGlobal
